
Microsoft Visual Studio Solution File, Format Version 12.00
# Visual Studio Version 17
VisualStudioVersion = 17.5.33530.505
MinimumVisualStudioVersion = 10.0.40219.1
Project("{9A19103F-16F7-4668-BE54-9A1E7A4F7556}") = "Templater", "Templater\Templater.csproj", "{2A8E1ECD-69AD-47EA-9B86-4C170173DB21}"
EndProject
Project("{9A19103F-16F7-4668-BE54-9A1E7A4F7556}") = "Templater.Core", "Templater.Core\Templater.Core.csproj", "{5CCEAFCB-A901-44BA-A887-EE714D7308DE}"
EndProject
Global
	GlobalSection(SolutionConfigurationPlatforms) = preSolution
		Debug|Any CPU = Debug|Any CPU
		Release|Any CPU = Release|Any CPU
	EndGlobalSection
	GlobalSection(ProjectConfigurationPlatforms) = postSolution
		{2A8E1ECD-69AD-47EA-9B86-4C170173DB21}.Debug|Any CPU.ActiveCfg = Debug|Any CPU
		{2A8E1ECD-69AD-47EA-9B86-4C170173DB21}.Debug|Any CPU.Build.0 = Debug|Any CPU
		{2A8E1ECD-69AD-47EA-9B86-4C170173DB21}.Release|Any CPU.ActiveCfg = Release|Any CPU
		{2A8E1ECD-69AD-47EA-9B86-4C170173DB21}.Release|Any CPU.Build.0 = Release|Any CPU
		{5CCEAFCB-A901-44BA-A887-EE714D7308DE}.Debug|Any CPU.ActiveCfg = Debug|Any CPU
		{5CCEAFCB-A901-44BA-A887-EE714D7308DE}.Debug|Any CPU.Build.0 = Debug|Any CPU
		{5CCEAFCB-A901-44BA-A887-EE714D7308DE}.Release|Any CPU.ActiveCfg = Release|Any CPU
		{5CCEAFCB-A901-44BA-A887-EE714D7308DE}.Release|Any CPU.Build.0 = Release|Any CPU
	EndGlobalSection
	GlobalSection(SolutionProperties) = preSolution
		HideSolutionNode = FALSE
	EndGlobalSection
	GlobalSection(ExtensibilityGlobals) = postSolution
		SolutionGuid = {6D30AA23-E547-4D56-BB11-8BB08EA9D739}
	EndGlobalSection
EndGlobal
